// !$*UTF8*$!
{
	archiveVersion = 1;
	classes = {
	};
	objectVersion = 46;
	objects = {

/* Begin PBXBuildFile section */
		B6D1B15A1F6AC45A003A2DA6 /* AppDelegate.swift in Sources */ = {isa = PBXBuildFile; fileRef = B6D1B1591F6AC45A003A2DA6 /* AppDelegate.swift */; };
		B6D1B15C1F6AC45A003A2DA6 /* ViewController.swift in Sources */ = {isa = PBXBuildFile; fileRef = B6D1B15B1F6AC45A003A2DA6 /* ViewController.swift */; };
		B6D1B15F1F6AC45A003A2DA6 /* Main.storyboard in Resources */ = {isa = PBXBuildFile; fileRef = B6D1B15D1F6AC45A003A2DA6 /* Main.storyboard */; };
		B6D1B1621F6AC45A003A2DA6 /* GradPlan.xcdatamodeld in Sources */ = {isa = PBXBuildFile; fileRef = B6D1B1601F6AC45A003A2DA6 /* GradPlan.xcdatamodeld */; };
		B6D1B1641F6AC45A003A2DA6 /* Assets.xcassets in Resources */ = {isa = PBXBuildFile; fileRef = B6D1B1631F6AC45A003A2DA6 /* Assets.xcassets */; };
		B6D1B1671F6AC45A003A2DA6 /* LaunchScreen.storyboard in Resources */ = {isa = PBXBuildFile; fileRef = B6D1B1651F6AC45A003A2DA6 /* LaunchScreen.storyboard */; };
		B6D1B1721F6AC45A003A2DA6 /* GradPlanTests.swift in Sources */ = {isa = PBXBuildFile; fileRef = B6D1B1711F6AC45A003A2DA6 /* GradPlanTests.swift */; };
		B6D1B17F1F6AC6EF003A2DA6 /* CoreDataStack.swift in Sources */ = {isa = PBXBuildFile; fileRef = B6D1B17E1F6AC6EF003A2DA6 /* CoreDataStack.swift */; };
/* End PBXBuildFile section */

/* Begin PBXContainerItemProxy section */
		B6D1B16E1F6AC45A003A2DA6 /* PBXContainerItemProxy */ = {
			isa = PBXContainerItemProxy;
			containerPortal = B6D1B14E1F6AC45A003A2DA6 /* Project object */;
			proxyType = 1;
			remoteGlobalIDString = B6D1B1551F6AC45A003A2DA6;
			remoteInfo = GradPlan;
		};
/* End PBXContainerItemProxy section */

/* Begin PBXFileReference section */
		B6D1B1561F6AC45A003A2DA6 /* GradPlan.app */ = {isa = PBXFileReference; explicitFileType = wrapper.application; includeInIndex = 0; path = GradPlan.app; sourceTree = BUILT_PRODUCTS_DIR; };
		B6D1B1591F6AC45A003A2DA6 /* AppDelegate.swift */ = {isa = PBXFileReference; lastKnownFileType = sourcecode.swift; path = AppDelegate.swift; sourceTree = "<group>"; };
		B6D1B15B1F6AC45A003A2DA6 /* ViewController.swift */ = {isa = PBXFileReference; lastKnownFileType = sourcecode.swift; path = ViewController.swift; sourceTree = "<group>"; };
		B6D1B15E1F6AC45A003A2DA6 /* Base */ = {isa = PBXFileReference; lastKnownFileType = file.storyboard; name = Base; path = Base.lproj/Main.storyboard; sourceTree = "<group>"; };
		B6D1B1611F6AC45A003A2DA6 /* GradPlan.xcdatamodel */ = {isa = PBXFileReference; lastKnownFileType = wrapper.xcdatamodel; path = GradPlan.xcdatamodel; sourceTree = "<group>"; };
		B6D1B1631F6AC45A003A2DA6 /* Assets.xcassets */ = {isa = PBXFileReference; lastKnownFileType = folder.assetcatalog; path = Assets.xcassets; sourceTree = "<group>"; };
		B6D1B1661F6AC45A003A2DA6 /* Base */ = {isa = PBXFileReference; lastKnownFileType = file.storyboard; name = Base; path = Base.lproj/LaunchScreen.storyboard; sourceTree = "<group>"; };
		B6D1B1681F6AC45A003A2DA6 /* Info.plist */ = {isa = PBXFileReference; lastKnownFileType = text.plist.xml; path = Info.plist; sourceTree = "<group>"; };
		B6D1B16D1F6AC45A003A2DA6 /* GradPlanTests.xctest */ = {isa = PBXFileReference; explicitFileType = wrapper.cfbundle; includeInIndex = 0; path = GradPlanTests.xctest; sourceTree = BUILT_PRODUCTS_DIR; };
		B6D1B1711F6AC45A003A2DA6 /* GradPlanTests.swift */ = {isa = PBXFileReference; lastKnownFileType = sourcecode.swift; path = GradPlanTests.swift; sourceTree = "<group>"; };
		B6D1B1731F6AC45A003A2DA6 /* Info.plist */ = {isa = PBXFileReference; lastKnownFileType = text.plist.xml; path = Info.plist; sourceTree = "<group>"; };
		B6D1B17E1F6AC6EF003A2DA6 /* CoreDataStack.swift */ = {isa = PBXFileReference; fileEncoding = 4; lastKnownFileType = sourcecode.swift; path = CoreDataStack.swift; sourceTree = "<group>"; };
/* End PBXFileReference section */

/* Begin PBXFrameworksBuildPhase section */
		B6D1B1531F6AC45A003A2DA6 /* Frameworks */ = {
			isa = PBXFrameworksBuildPhase;
			buildActionMask = 2147483647;
			files = (
			);
			runOnlyForDeploymentPostprocessing = 0;
		};
		B6D1B16A1F6AC45A003A2DA6 /* Frameworks */ = {
			isa = PBXFrameworksBuildPhase;
			buildActionMask = 2147483647;
			files = (
			);
			runOnlyForDeploymentPostprocessing = 0;
		};
/* End PBXFrameworksBuildPhase section */

/* Begin PBXGroup section */
		B6D1B14D1F6AC45A003A2DA6 = {
			isa = PBXGroup;
			children = (
				B6D1B1581F6AC45A003A2DA6 /* GradPlan */,
				B6D1B1701F6AC45A003A2DA6 /* GradPlanTests */,
				B6D1B1571F6AC45A003A2DA6 /* Products */,
			);
			sourceTree = "<group>";
		};
		B6D1B1571F6AC45A003A2DA6 /* Products */ = {
			isa = PBXGroup;
			children = (
				B6D1B1561F6AC45A003A2DA6 /* GradPlan.app */,
				B6D1B16D1F6AC45A003A2DA6 /* GradPlanTests.xctest */,
			);
			name = Products;
			sourceTree = "<group>";
		};
		B6D1B1581F6AC45A003A2DA6 /* GradPlan */ = {
			isa = PBXGroup;
			children = (
				B6D1B1591F6AC45A003A2DA6 /* AppDelegate.swift */,
				B6D1B15B1F6AC45A003A2DA6 /* ViewController.swift */,
				B6D1B17C1F6AC477003A2DA6 /* Storyboards */,
				B6D1B17D1F6AC485003A2DA6 /* Resources */,
				B6D1B1601F6AC45A003A2DA6 /* GradPlan.xcdatamodeld */,
			);
			path = GradPlan;
			sourceTree = "<group>";
		};
		B6D1B1701F6AC45A003A2DA6 /* GradPlanTests */ = {
			isa = PBXGroup;
			children = (
				B6D1B1711F6AC45A003A2DA6 /* GradPlanTests.swift */,
				B6D1B1731F6AC45A003A2DA6 /* Info.plist */,
			);
			path = GradPlanTests;
			sourceTree = "<group>";
		};
		B6D1B17C1F6AC477003A2DA6 /* Storyboards */ = {
			isa = PBXGroup;
			children = (
				B6D1B15D1F6AC45A003A2DA6 /* Main.storyboard */,
				B6D1B1651F6AC45A003A2DA6 /* LaunchScreen.storyboard */,
			);
			name = Storyboards;
			sourceTree = "<group>";
		};
		B6D1B17D1F6AC485003A2DA6 /* Resources */ = {
			isa = PBXGroup;
			children = (
				B6D1B1631F6AC45A003A2DA6 /* Assets.xcassets */,
				B6D1B1681F6AC45A003A2DA6 /* Info.plist */,
				B6D1B17E1F6AC6EF003A2DA6 /* CoreDataStack.swift */,
			);
			name = Resources;
			sourceTree = "<group>";
		};
/* End PBXGroup section */

/* Begin PBXNativeTarget section */
		B6D1B1551F6AC45A003A2DA6 /* GradPlan */ = {
			isa = PBXNativeTarget;
			buildConfigurationList = B6D1B1761F6AC45A003A2DA6 /* Build configuration list for PBXNativeTarget "GradPlan" */;
			buildPhases = (
				B6D1B1521F6AC45A003A2DA6 /* Sources */,
				B6D1B1531F6AC45A003A2DA6 /* Frameworks */,
				B6D1B1541F6AC45A003A2DA6 /* Resources */,
			);
			buildRules = (
			);
			dependencies = (
			);
			name = GradPlan;
			productName = GradPlan;
			productReference = B6D1B1561F6AC45A003A2DA6 /* GradPlan.app */;
			productType = "com.apple.product-type.application";
		};
		B6D1B16C1F6AC45A003A2DA6 /* GradPlanTests */ = {
			isa = PBXNativeTarget;
			buildConfigurationList = B6D1B1791F6AC45A003A2DA6 /* Build configuration list for PBXNativeTarget "GradPlanTests" */;
			buildPhases = (
				B6D1B1691F6AC45A003A2DA6 /* Sources */,
				B6D1B16A1F6AC45A003A2DA6 /* Frameworks */,
				B6D1B16B1F6AC45A003A2DA6 /* Resources */,
			);
			buildRules = (
			);
			dependencies = (
				B6D1B16F1F6AC45A003A2DA6 /* PBXTargetDependency */,
			);
			name = GradPlanTests;
			productName = GradPlanTests;
			productReference = B6D1B16D1F6AC45A003A2DA6 /* GradPlanTests.xctest */;
			productType = "com.apple.product-type.bundle.unit-test";
		};
/* End PBXNativeTarget section */

/* Begin PBXProject section */
		B6D1B14E1F6AC45A003A2DA6 /* Project object */ = {
			isa = PBXProject;
			attributes = {
				LastSwiftUpdateCheck = 0830;
				LastUpgradeCheck = 0830;
				ORGANIZATIONNAME = "Collin Cannavo";
				TargetAttributes = {
					B6D1B1551F6AC45A003A2DA6 = {
						CreatedOnToolsVersion = 8.3.3;
						DevelopmentTeam = F83BXD8Z2Y;
						ProvisioningStyle = Automatic;
					};
					B6D1B16C1F6AC45A003A2DA6 = {
						CreatedOnToolsVersion = 8.3.3;
						DevelopmentTeam = F83BXD8Z2Y;
						ProvisioningStyle = Automatic;
						TestTargetID = B6D1B1551F6AC45A003A2DA6;
					};
				};
			};
			buildConfigurationList = B6D1B1511F6AC45A003A2DA6 /* Build configuration list for PBXProject "GradPlan" */;
			compatibilityVersion = "Xcode 3.2";
			developmentRegion = English;
			hasScannedForEncodings = 0;
			knownRegions = (
				en,
				Base,
			);
			mainGroup = B6D1B14D1F6AC45A003A2DA6;
			productRefGroup = B6D1B1571F6AC45A003A2DA6 /* Products */;
			projectDirPath = "";
			projectRoot = "";
			targets = (
				B6D1B1551F6AC45A003A2DA6 /* GradPlan */,
				B6D1B16C1F6AC45A003A2DA6 /* GradPlanTests */,
			);
		};
/* End PBXProject section */

/* Begin PBXResourcesBuildPhase section */
		B6D1B1541F6AC45A003A2DA6 /* Resources */ = {
			isa = PBXResourcesBuildPhase;
			buildActionMask = 2147483647;
			files = (
				B6D1B1671F6AC45A003A2DA6 /* LaunchScreen.storyboard in Resources */,
				B6D1B1641F6AC45A003A2DA6 /* Assets.xcassets in Resources */,
				B6D1B15F1F6AC45A003A2DA6 /* Main.storyboard in Resources */,
			);
			runOnlyForDeploymentPostprocessing = 0;
		};
		B6D1B16B1F6AC45A003A2DA6 /* Resources */ = {
			isa = PBXResourcesBuildPhase;
			buildActionMask = 2147483647;
			files = (
			);
			runOnlyForDeploymentPostprocessing = 0;
		};
/* End PBXResourcesBuildPhase section */

/* Begin PBXSourcesBuildPhase section */
		B6D1B1521F6AC45A003A2DA6 /* Sources */ = {
			isa = PBXSourcesBuildPhase;
			buildActionMask = 2147483647;
			files = (
				B6D1B15C1F6AC45A003A2DA6 /* ViewController.swift in Sources */,
				B6D1B1621F6AC45A003A2DA6 /* GradPlan.xcdatamodeld in Sources */,
				B6D1B15A1F6AC45A003A2DA6 /* AppDelegate.swift in Sources */,
				B6D1B17F1F6AC6EF003A2DA6 /* CoreDataStack.swift in Sources */,
			);
			runOnlyForDeploymentPostprocessing = 0;
		};
		B6D1B1691F6AC45A003A2DA6 /* Sources */ = {
			isa = PBXSourcesBuildPhase;
			buildActionMask = 2147483647;
			files = (
				B6D1B1721F6AC45A003A2DA6 /* GradPlanTests.swift in Sources */,
			);
			runOnlyForDeploymentPostprocessing = 0;
		};
/* End PBXSourcesBuildPhase section */

/* Begin PBXTargetDependency section */
		B6D1B16F1F6AC45A003A2DA6 /* PBXTargetDependency */ = {
			isa = PBXTargetDependency;
			target = B6D1B1551F6AC45A003A2DA6 /* GradPlan */;
			targetProxy = B6D1B16E1F6AC45A003A2DA6 /* PBXContainerItemProxy */;
		};
/* End PBXTargetDependency section */

/* Begin PBXVariantGroup section */
		B6D1B15D1F6AC45A003A2DA6 /* Main.storyboard */ = {
			isa = PBXVariantGroup;
			children = (
				B6D1B15E1F6AC45A003A2DA6 /* Base */,
			);
			name = Main.storyboard;
			sourceTree = "<group>";
		};
		B6D1B1651F6AC45A003A2DA6 /* LaunchScreen.storyboard */ = {
			isa = PBXVariantGroup;
			children = (
				B6D1B1661F6AC45A003A2DA6 /* Base */,
			);
			name = LaunchScreen.storyboard;
			sourceTree = "<group>";
		};
/* End PBXVariantGroup section */

/* Begin XCBuildConfiguration section */
		B6D1B1741F6AC45A003A2DA6 /* Debug */ = {
			isa = XCBuildConfiguration;
			buildSettings = {
				ALWAYS_SEARCH_USER_PATHS = NO;
				CLANG_ANALYZER_NONNULL = YES;
				CLANG_ANALYZER_NUMBER_OBJECT_CONVERSION = YES_AGGRESSIVE;
				CLANG_CXX_LANGUAGE_STANDARD = "gnu++0x";
				CLANG_CXX_LIBRARY = "libc++";
				CLANG_ENABLE_MODULES = YES;
				CLANG_ENABLE_OBJC_ARC = YES;
				CLANG_WARN_BOOL_CONVERSION = YES;
				CLANG_WARN_CONSTANT_CONVERSION = YES;
				CLANG_WARN_DIRECT_OBJC_ISA_USAGE = YES_ERROR;
				CLANG_WARN_DOCUMENTATION_COMMENTS = YES;
				CLANG_WARN_EMPTY_BODY = YES;
				CLANG_WARN_ENUM_CONVERSION = YES;
				CLANG_WARN_INFINITE_RECURSION = YES;
				CLANG_WARN_INT_CONVERSION = YES;
				CLANG_WARN_OBJC_ROOT_CLASS = YES_ERROR;
				CLANG_WARN_SUSPICIOUS_MOVE = YES;
				CLANG_WARN_UNREACHABLE_CODE = YES;
				CLANG_WARN__DUPLICATE_METHOD_MATCH = YES;
				"CODE_SIGN_IDENTITY[sdk=iphoneos*]" = "iPhone Developer";
				COPY_PHASE_STRIP = NO;
				DEBUG_INFORMATION_FORMAT = dwarf;
				ENABLE_STRICT_OBJC_MSGSEND = YES;
				ENABLE_TESTABILITY = YES;
				GCC_C_LANGUAGE_STANDARD = gnu99;
				GCC_DYNAMIC_NO_PIC = NO;
				GCC_NO_COMMON_BLOCKS = YES;
				GCC_OPTIMIZATION_LEVEL = 0;
				GCC_PREPROCESSOR_DEFINITIONS = (
					"DEBUG=1",
					"$(inherited)",
				);
				GCC_WARN_64_TO_32_BIT_CONVERSION = YES;
				GCC_WARN_ABOUT_RETURN_TYPE = YES_ERROR;
				GCC_WARN_UNDECLARED_SELECTOR = YES;
				GCC_WARN_UNINITIALIZED_AUTOS = YES_AGGRESSIVE;
				GCC_WARN_UNUSED_FUNCTION = YES;
				GCC_WARN_UNUSED_VARIABLE = YES;
				IPHONEOS_DEPLOYMENT_TARGET = 10.3;
				MTL_ENABLE_DEBUG_INFO = YES;
				ONLY_ACTIVE_ARCH = YES;
				SDKROOT = iphoneos;
				SWIFT_ACTIVE_COMPILATION_CONDITIONS = DEBUG;
				SWIFT_OPTIMIZATION_LEVEL = "-Onone";
				TARGETED_DEVICE_FAMILY = "1,2";
			};
			name = Debug;
		};
		B6D1B1751F6AC45A003A2DA6 /* Release */ = {
			isa = XCBuildConfiguration;
			buildSettings = {
				ALWAYS_SEARCH_USER_PATHS = NO;
				CLANG_ANALYZER_NONNULL = YES;
				CLANG_ANALYZER_NUMBER_OBJECT_CONVERSION = YES_AGGRESSIVE;
				CLANG_CXX_LANGUAGE_STANDARD = "gnu++0x";
				CLANG_CXX_LIBRARY = "libc++";
				CLANG_ENABLE_MODULES = YES;
				CLANG_ENABLE_OBJC_ARC = YES;
				CLANG_WARN_BOOL_CONVERSION = YES;
				CLANG_WARN_CONSTANT_CONVERSION = YES;
				CLANG_WARN_DIRECT_OBJC_ISA_USAGE = YES_ERROR;
				CLANG_WARN_DOCUMENTATION_COMMENTS = YES;
				CLANG_WARN_EMPTY_BODY = YES;
				CLANG_WARN_ENUM_CONVERSION = YES;
				CLANG_WARN_INFINITE_RECURSION = YES;
				CLANG_WARN_INT_CONVERSION = YES;
				CLANG_WARN_OBJC_ROOT_CLASS = YES_ERROR;
				CLANG_WARN_SUSPICIOUS_MOVE = YES;
				CLANG_WARN_UNREACHABLE_CODE = YES;
				CLANG_WARN__DUPLICATE_METHOD_MATCH = YES;
				"CODE_SIGN_IDENTITY[sdk=iphoneos*]" = "iPhone Developer";
				COPY_PHASE_STRIP = NO;
				DEBUG_INFORMATION_FORMAT = "dwarf-with-dsym";
				ENABLE_NS_ASSERTIONS = NO;
				ENABLE_STRICT_OBJC_MSGSEND = YES;
				GCC_C_LANGUAGE_STANDARD = gnu99;
				GCC_NO_COMMON_BLOCKS = YES;
				GCC_WARN_64_TO_32_BIT_CONVERSION = YES;
				GCC_WARN_ABOUT_RETURN_TYPE = YES_ERROR;
				GCC_WARN_UNDECLARED_SELECTOR = YES;
				GCC_WARN_UNINITIALIZED_AUTOS = YES_AGGRESSIVE;
				GCC_WARN_UNUSED_FUNCTION = YES;
				GCC_WARN_UNUSED_VARIABLE = YES;
				IPHONEOS_DEPLOYMENT_TARGET = 10.3;
				MTL_ENABLE_DEBUG_INFO = NO;
				SDKROOT = iphoneos;
				SWIFT_OPTIMIZATION_LEVEL = "-Owholemodule";
				TARGETED_DEVICE_FAMILY = "1,2";
				VALIDATE_PRODUCT = YES;
			};
			name = Release;
		};
		B6D1B1771F6AC45A003A2DA6 /* Debug */ = {
			isa = XCBuildConfiguration;
			buildSettings = {
				ASSETCATALOG_COMPILER_APPICON_NAME = AppIcon;
				DEVELOPMENT_TEAM = F83BXD8Z2Y;
				INFOPLIST_FILE = GradPlan/Info.plist;
				LD_RUNPATH_SEARCH_PATHS = "$(inherited) @executable_path/Frameworks";
				PRODUCT_BUNDLE_IDENTIFIER = com.collincannavo.GradPlan;
				PRODUCT_NAME = "$(TARGET_NAME)";
				SWIFT_VERSION = 3.0;
			};
			name = Debug;
		};
		B6D1B1781F6AC45A003A2DA6 /* Release */ = {
			isa = XCBuildConfiguration;
			buildSettings = {
				ASSETCATALOG_COMPILER_APPICON_NAME = AppIcon;
				DEVELOPMENT_TEAM = F83BXD8Z2Y;
				INFOPLIST_FILE = GradPlan/Info.plist;
				LD_RUNPATH_SEARCH_PATHS = "$(inherited) @executable_path/Frameworks";
				PRODUCT_BUNDLE_IDENTIFIER = com.collincannavo.GradPlan;
				PRODUCT_NAME = "$(TARGET_NAME)";
				SWIFT_VERSION = 3.0;
			};
			name = Release;
		};
		B6D1B17A1F6AC45A003A2DA6 /* Debug */ = {
			isa = XCBuildConfiguration;
			buildSettings = {
				ALWAYS_EMBED_SWIFT_STANDARD_LIBRARIES = YES;
				BUNDLE_LOADER = "$(TEST_HOST)";
				DEVELOPMENT_TEAM = F83BXD8Z2Y;
				INFOPLIST_FILE = GradPlanTests/Info.plist;
				LD_RUNPATH_SEARCH_PATHS = "$(inherited) @executable_path/Frameworks @loader_path/Frameworks";
				PRODUCT_BUNDLE_IDENTIFIER = com.collincannavo.GradPlanTests;
				PRODUCT_NAME = "$(TARGET_NAME)";
				SWIFT_VERSION = 3.0;
				TEST_HOST = "$(BUILT_PRODUCTS_DIR)/GradPlan.app/GradPlan";
			};
			name = Debug;
		};
		B6D1B17B1F6AC45A003A2DA6 /* Release */ = {
			isa = XCBuildConfiguration;
			buildSettings = {
				ALWAYS_EMBED_SWIFT_STANDARD_LIBRARIES = YES;
				BUNDLE_LOADER = "$(TEST_HOST)";
				DEVELOPMENT_TEAM = F83BXD8Z2Y;
				INFOPLIST_FILE = GradPlanTests/Info.plist;
				LD_RUNPATH_SEARCH_PATHS = "$(inherited) @executable_path/Frameworks @loader_path/Frameworks";
				PRODUCT_BUNDLE_IDENTIFIER = com.collincannavo.GradPlanTests;
				PRODUCT_NAME = "$(TARGET_NAME)";
				SWIFT_VERSION = 3.0;
				TEST_HOST = "$(BUILT_PRODUCTS_DIR)/GradPlan.app/GradPlan";
			};
			name = Release;
		};
/* End XCBuildConfiguration section */

/* Begin XCConfigurationList section */
		B6D1B1511F6AC45A003A2DA6 /* Build configuration list for PBXProject "GradPlan" */ = {
			isa = XCConfigurationList;
			buildConfigurations = (
				B6D1B1741F6AC45A003A2DA6 /* Debug */,
				B6D1B1751F6AC45A003A2DA6 /* Release */,
			);
			defaultConfigurationIsVisible = 0;
			defaultConfigurationName = Release;
		};
		B6D1B1761F6AC45A003A2DA6 /* Build configuration list for PBXNativeTarget "GradPlan" */ = {
			isa = XCConfigurationList;
			buildConfigurations = (
				B6D1B1771F6AC45A003A2DA6 /* Debug */,
				B6D1B1781F6AC45A003A2DA6 /* Release */,
			);
			defaultConfigurationIsVisible = 0;
		};
		B6D1B1791F6AC45A003A2DA6 /* Build configuration list for PBXNativeTarget "GradPlanTests" */ = {
			isa = XCConfigurationList;
			buildConfigurations = (
				B6D1B17A1F6AC45A003A2DA6 /* Debug */,
				B6D1B17B1F6AC45A003A2DA6 /* Release */,
			);
			defaultConfigurationIsVisible = 0;
		};
/* End XCConfigurationList section */

/* Begin XCVersionGroup section */
		B6D1B1601F6AC45A003A2DA6 /* GradPlan.xcdatamodeld */ = {
			isa = XCVersionGroup;
			children = (
				B6D1B1611F6AC45A003A2DA6 /* GradPlan.xcdatamodel */,
			);
			currentVersion = B6D1B1611F6AC45A003A2DA6 /* GradPlan.xcdatamodel */;
			path = GradPlan.xcdatamodeld;
			sourceTree = "<group>";
			versionGroupType = wrapper.xcdatamodel;
		};
/* End XCVersionGroup section */
	};
	rootObject = B6D1B14E1F6AC45A003A2DA6 /* Project object */;
}
